# This file is automatically @generated by Poetry 2.2.1 and should not be changed by hand.

[[package]]
name = "poetry-core"
version = "2.5.0"
description = "Poetry PEP 517 Build Backend"
optional = false
python-versions = "<4.0,>=3.10"
groups = ["main"]
files = [
    {file = "poetry_core-2.5.0-py3-none-any.whl", hash = "sha256:98ee465b66f7e14bb9fbe68fb5e00d0cff184f036993ec94610ae4b5612f3add"},
    {file = "poetry_core-2.5.0.tar.gz", hash = "sha256:81d04c9253b19d0604718268d781867c8f7b2128e5b25bbf1e84141eec6b89c4"},
]

[metadata]
lock-version = "2.1"
python-versions = ">=3.12,<4.0"
content-hash = "11f8e319237e4fece315b6dba17eba1502ea4cc80c4c89bfc9bb3056ccd2785d"
